// !$*UTF8*$!
{
	archiveVersion = 1;
	classes = {
	};
	objectVersion = 50;
	objects = {

/* Begin PBXBuildFile section */
		798898B422B6D96C00351C27 /* CADisplayLinkViewController.swift in Sources */ = {isa = PBXBuildFile; fileRef = 798898B322B6D96C00351C27 /* CADisplayLinkViewController.swift */; };
		7992954F22B544FE007BBDAF /* AppDelegate.swift in Sources */ = {isa = PBXBuildFile; fileRef = 7992954E22B544FE007BBDAF /* AppDelegate.swift */; };
		7992955122B544FE007BBDAF /* ViewController.swift in Sources */ = {isa = PBXBuildFile; fileRef = 7992955022B544FE007BBDAF /* ViewController.swift */; };
		7992955422B544FE007BBDAF /* Main.storyboard in Resources */ = {isa = PBXBuildFile; fileRef = 7992955222B544FE007BBDAF /* Main.storyboard */; };
		7992955622B54503007BBDAF /* Assets.xcassets in Resources */ = {isa = PBXBuildFile; fileRef = 7992955522B54503007BBDAF /* Assets.xcassets */; };
		7992955922B54503007BBDAF /* LaunchScreen.storyboard in Resources */ = {isa = PBXBuildFile; fileRef = 7992955722B54503007BBDAF /* LaunchScreen.storyboard */; };
		7992956122B5460A007BBDAF /* KeyframeViewController.swift in Sources */ = {isa = PBXBuildFile; fileRef = 7992956022B5460A007BBDAF /* KeyframeViewController.swift */; };
		7992956322B5A5F4007BBDAF /* CASpringViewController.swift in Sources */ = {isa = PBXBuildFile; fileRef = 7992956222B5A5F4007BBDAF /* CASpringViewController.swift */; };
		79BDF70F22C324EB00F42BD7 /* AnimatedTableViewController.swift in Sources */ = {isa = PBXBuildFile; fileRef = 79BDF70E22C324EB00F42BD7 /* AnimatedTableViewController.swift */; };
		79BDF71222C325B400F42BD7 /* CarTableViewCell.swift in Sources */ = {isa = PBXBuildFile; fileRef = 79BDF71022C325B400F42BD7 /* CarTableViewCell.swift */; };
		79BDF71322C325B400F42BD7 /* CarTableViewCell.xib in Resources */ = {isa = PBXBuildFile; fileRef = 79BDF71122C325B400F42BD7 /* CarTableViewCell.xib */; };
		79BDF71522C3272500F42BD7 /* NavBarExtension.swift in Sources */ = {isa = PBXBuildFile; fileRef = 79BDF71422C3272400F42BD7 /* NavBarExtension.swift */; };
/* End PBXBuildFile section */

/* Begin PBXFileReference section */
		798898B322B6D96C00351C27 /* CADisplayLinkViewController.swift */ = {isa = PBXFileReference; lastKnownFileType = sourcecode.swift; path = CADisplayLinkViewController.swift; sourceTree = "<group>"; };
		7992954B22B544FE007BBDAF /* Animations.app */ = {isa = PBXFileReference; explicitFileType = wrapper.application; includeInIndex = 0; path = Animations.app; sourceTree = BUILT_PRODUCTS_DIR; };
		7992954E22B544FE007BBDAF /* AppDelegate.swift */ = {isa = PBXFileReference; lastKnownFileType = sourcecode.swift; path = AppDelegate.swift; sourceTree = "<group>"; };
		7992955022B544FE007BBDAF /* ViewController.swift */ = {isa = PBXFileReference; lastKnownFileType = sourcecode.swift; path = ViewController.swift; sourceTree = "<group>"; };
		7992955322B544FE007BBDAF /* Base */ = {isa = PBXFileReference; lastKnownFileType = file.storyboard; name = Base; path = Base.lproj/Main.storyboard; sourceTree = "<group>"; };
		7992955522B54503007BBDAF /* Assets.xcassets */ = {isa = PBXFileReference; lastKnownFileType = folder.assetcatalog; path = Assets.xcassets; sourceTree = "<group>"; };
		7992955822B54503007BBDAF /* Base */ = {isa = PBXFileReference; lastKnownFileType = file.storyboard; name = Base; path = Base.lproj/LaunchScreen.storyboard; sourceTree = "<group>"; };
		7992955A22B54503007BBDAF /* Info.plist */ = {isa = PBXFileReference; lastKnownFileType = text.plist.xml; path = Info.plist; sourceTree = "<group>"; };
		7992956022B5460A007BBDAF /* KeyframeViewController.swift */ = {isa = PBXFileReference; lastKnownFileType = sourcecode.swift; path = KeyframeViewController.swift; sourceTree = "<group>"; };
		7992956222B5A5F4007BBDAF /* CASpringViewController.swift */ = {isa = PBXFileReference; lastKnownFileType = sourcecode.swift; path = CASpringViewController.swift; sourceTree = "<group>"; };
		79BDF70E22C324EB00F42BD7 /* AnimatedTableViewController.swift */ = {isa = PBXFileReference; lastKnownFileType = sourcecode.swift; path = AnimatedTableViewController.swift; sourceTree = "<group>"; };
		79BDF71022C325B400F42BD7 /* CarTableViewCell.swift */ = {isa = PBXFileReference; lastKnownFileType = sourcecode.swift; path = CarTableViewCell.swift; sourceTree = "<group>"; };
		79BDF71122C325B400F42BD7 /* CarTableViewCell.xib */ = {isa = PBXFileReference; lastKnownFileType = file.xib; path = CarTableViewCell.xib; sourceTree = "<group>"; };
		79BDF71422C3272400F42BD7 /* NavBarExtension.swift */ = {isa = PBXFileReference; lastKnownFileType = sourcecode.swift; path = NavBarExtension.swift; sourceTree = "<group>"; };
/* End PBXFileReference section */

/* Begin PBXFrameworksBuildPhase section */
		7992954822B544FE007BBDAF /* Frameworks */ = {
			isa = PBXFrameworksBuildPhase;
			buildActionMask = 2147483647;
			files = (
			);
			runOnlyForDeploymentPostprocessing = 0;
		};
/* End PBXFrameworksBuildPhase section */

/* Begin PBXGroup section */
		7992954222B544FE007BBDAF = {
			isa = PBXGroup;
			children = (
				7992954D22B544FE007BBDAF /* Animations */,
				7992954C22B544FE007BBDAF /* Products */,
			);
			sourceTree = "<group>";
		};
		7992954C22B544FE007BBDAF /* Products */ = {
			isa = PBXGroup;
			children = (
				7992954B22B544FE007BBDAF /* Animations.app */,
			);
			name = Products;
			sourceTree = "<group>";
		};
		7992954D22B544FE007BBDAF /* Animations */ = {
			isa = PBXGroup;
			children = (
				7992954E22B544FE007BBDAF /* AppDelegate.swift */,
				79BDF71422C3272400F42BD7 /* NavBarExtension.swift */,
				7992955022B544FE007BBDAF /* ViewController.swift */,
				7992956022B5460A007BBDAF /* KeyframeViewController.swift */,
				7992956222B5A5F4007BBDAF /* CASpringViewController.swift */,
				798898B322B6D96C00351C27 /* CADisplayLinkViewController.swift */,
				79BDF70E22C324EB00F42BD7 /* AnimatedTableViewController.swift */,
				79BDF71022C325B400F42BD7 /* CarTableViewCell.swift */,
				79BDF71122C325B400F42BD7 /* CarTableViewCell.xib */,
				7992955222B544FE007BBDAF /* Main.storyboard */,
				7992955522B54503007BBDAF /* Assets.xcassets */,
				7992955722B54503007BBDAF /* LaunchScreen.storyboard */,
				7992955A22B54503007BBDAF /* Info.plist */,
			);
			path = Animations;
			sourceTree = "<group>";
		};
/* End PBXGroup section */

/* Begin PBXNativeTarget section */
		7992954A22B544FE007BBDAF /* Animations */ = {
			isa = PBXNativeTarget;
			buildConfigurationList = 7992955D22B54503007BBDAF /* Build configuration list for PBXNativeTarget "Animations" */;
			buildPhases = (
				7992954722B544FE007BBDAF /* Sources */,
				7992954822B544FE007BBDAF /* Frameworks */,
				7992954922B544FE007BBDAF /* Resources */,
			);
			buildRules = (
			);
			dependencies = (
			);
			name = Animations;
			productName = Animations;
			productReference = 7992954B22B544FE007BBDAF /* Animations.app */;
			productType = "com.apple.product-type.application";
		};
/* End PBXNativeTarget section */

/* Begin PBXProject section */
		7992954322B544FE007BBDAF /* Project object */ = {
			isa = PBXProject;
			attributes = {
				LastSwiftUpdateCheck = 1020;
				LastUpgradeCheck = 1020;
				ORGANIZATIONNAME = "Patrick Pahl";
				TargetAttributes = {
					7992954A22B544FE007BBDAF = {
						CreatedOnToolsVersion = 10.2;
					};
				};
			};
			buildConfigurationList = 7992954622B544FE007BBDAF /* Build configuration list for PBXProject "Animations" */;
			compatibilityVersion = "Xcode 9.3";
			developmentRegion = en;
			hasScannedForEncodings = 0;
			knownRegions = (
				en,
				Base,
			);
			mainGroup = 7992954222B544FE007BBDAF;
			productRefGroup = 7992954C22B544FE007BBDAF /* Products */;
			projectDirPath = "";
			projectRoot = "";
			targets = (
				7992954A22B544FE007BBDAF /* Animations */,
			);
		};
/* End PBXProject section */

/* Begin PBXResourcesBuildPhase section */
		7992954922B544FE007BBDAF /* Resources */ = {
			isa = PBXResourcesBuildPhase;
			buildActionMask = 2147483647;
			files = (
				7992955922B54503007BBDAF /* LaunchScreen.storyboard in Resources */,
				7992955622B54503007BBDAF /* Assets.xcassets in Resources */,
				79BDF71322C325B400F42BD7 /* CarTableViewCell.xib in Resources */,
				7992955422B544FE007BBDAF /* Main.storyboard in Resources */,
			);
			runOnlyForDeploymentPostprocessing = 0;
		};
/* End PBXResourcesBuildPhase section */

/* Begin PBXSourcesBuildPhase section */
		7992954722B544FE007BBDAF /* Sources */ = {
			isa = PBXSourcesBuildPhase;
			buildActionMask = 2147483647;
			files = (
				7992956122B5460A007BBDAF /* KeyframeViewController.swift in Sources */,
				79BDF71222C325B400F42BD7 /* CarTableViewCell.swift in Sources */,
				7992956322B5A5F4007BBDAF /* CASpringViewController.swift in Sources */,
				79BDF70F22C324EB00F42BD7 /* AnimatedTableViewController.swift in Sources */,
				7992955122B544FE007BBDAF /* ViewController.swift in Sources */,
				7992954F22B544FE007BBDAF /* AppDelegate.swift in Sources */,
				798898B422B6D96C00351C27 /* CADisplayLinkViewController.swift in Sources */,
				79BDF71522C3272500F42BD7 /* NavBarExtension.swift in Sources */,
			);
			runOnlyForDeploymentPostprocessing = 0;
		};
/* End PBXSourcesBuildPhase section */

/* Begin PBXVariantGroup section */
		7992955222B544FE007BBDAF /* Main.storyboard */ = {
			isa = PBXVariantGroup;
			children = (
				7992955322B544FE007BBDAF /* Base */,
			);
			name = Main.storyboard;
			sourceTree = "<group>";
		};
		7992955722B54503007BBDAF /* LaunchScreen.storyboard */ = {
			isa = PBXVariantGroup;
			children = (
				7992955822B54503007BBDAF /* Base */,
			);
			name = LaunchScreen.storyboard;
			sourceTree = "<group>";
		};
/* End PBXVariantGroup section */

/* Begin XCBuildConfiguration section */
		7992955B22B54503007BBDAF /* Debug */ = {
			isa = XCBuildConfiguration;
			buildSettings = {
				ALWAYS_SEARCH_USER_PATHS = NO;
				CLANG_ANALYZER_NONNULL = YES;
				CLANG_ANALYZER_NUMBER_OBJECT_CONVERSION = YES_AGGRESSIVE;
				CLANG_CXX_LANGUAGE_STANDARD = "gnu++14";
				CLANG_CXX_LIBRARY = "libc++";
				CLANG_ENABLE_MODULES = YES;
				CLANG_ENABLE_OBJC_ARC = YES;
				CLANG_ENABLE_OBJC_WEAK = YES;
				CLANG_WARN_BLOCK_CAPTURE_AUTORELEASING = YES;
				CLANG_WARN_BOOL_CONVERSION = YES;
				CLANG_WARN_COMMA = YES;
				CLANG_WARN_CONSTANT_CONVERSION = YES;
				CLANG_WARN_DEPRECATED_OBJC_IMPLEMENTATIONS = YES;
				CLANG_WARN_DIRECT_OBJC_ISA_USAGE = YES_ERROR;
				CLANG_WARN_DOCUMENTATION_COMMENTS = YES;
				CLANG_WARN_EMPTY_BODY = YES;
				CLANG_WARN_ENUM_CONVERSION = YES;
				CLANG_WARN_INFINITE_RECURSION = YES;
				CLANG_WARN_INT_CONVERSION = YES;
				CLANG_WARN_NON_LITERAL_NULL_CONVERSION = YES;
				CLANG_WARN_OBJC_IMPLICIT_RETAIN_SELF = YES;
				CLANG_WARN_OBJC_LITERAL_CONVERSION = YES;
				CLANG_WARN_OBJC_ROOT_CLASS = YES_ERROR;
				CLANG_WARN_RANGE_LOOP_ANALYSIS = YES;
				CLANG_WARN_STRICT_PROTOTYPES = YES;
				CLANG_WARN_SUSPICIOUS_MOVE = YES;
				CLANG_WARN_UNGUARDED_AVAILABILITY = YES_AGGRESSIVE;
				CLANG_WARN_UNREACHABLE_CODE = YES;
				CLANG_WARN__DUPLICATE_METHOD_MATCH = YES;
				CODE_SIGN_IDENTITY = "iPhone Developer";
				COPY_PHASE_STRIP = NO;
				DEBUG_INFORMATION_FORMAT = dwarf;
				ENABLE_STRICT_OBJC_MSGSEND = YES;
				ENABLE_TESTABILITY = YES;
				GCC_C_LANGUAGE_STANDARD = gnu11;
				GCC_DYNAMIC_NO_PIC = NO;
				GCC_NO_COMMON_BLOCKS = YES;
				GCC_OPTIMIZATION_LEVEL = 0;
				GCC_PREPROCESSOR_DEFINITIONS = (
					"DEBUG=1",
					"$(inherited)",
				);
				GCC_WARN_64_TO_32_BIT_CONVERSION = YES;
				GCC_WARN_ABOUT_RETURN_TYPE = YES_ERROR;
				GCC_WARN_UNDECLARED_SELECTOR = YES;
				GCC_WARN_UNINITIALIZED_AUTOS = YES_AGGRESSIVE;
				GCC_WARN_UNUSED_FUNCTION = YES;
				GCC_WARN_UNUSED_VARIABLE = YES;
				IPHONEOS_DEPLOYMENT_TARGET = 12.2;
				MTL_ENABLE_DEBUG_INFO = INCLUDE_SOURCE;
				MTL_FAST_MATH = YES;
				ONLY_ACTIVE_ARCH = YES;
				SDKROOT = iphoneos;
				SWIFT_ACTIVE_COMPILATION_CONDITIONS = DEBUG;
				SWIFT_OPTIMIZATION_LEVEL = "-Onone";
			};
			name = Debug;
		};
		7992955C22B54503007BBDAF /* Release */ = {
			isa = XCBuildConfiguration;
			buildSettings = {
				ALWAYS_SEARCH_USER_PATHS = NO;
				CLANG_ANALYZER_NONNULL = YES;
				CLANG_ANALYZER_NUMBER_OBJECT_CONVERSION = YES_AGGRESSIVE;
				CLANG_CXX_LANGUAGE_STANDARD = "gnu++14";
				CLANG_CXX_LIBRARY = "libc++";
				CLANG_ENABLE_MODULES = YES;
				CLANG_ENABLE_OBJC_ARC = YES;
				CLANG_ENABLE_OBJC_WEAK = YES;
				CLANG_WARN_BLOCK_CAPTURE_AUTORELEASING = YES;
				CLANG_WARN_BOOL_CONVERSION = YES;
				CLANG_WARN_COMMA = YES;
				CLANG_WARN_CONSTANT_CONVERSION = YES;
				CLANG_WARN_DEPRECATED_OBJC_IMPLEMENTATIONS = YES;
				CLANG_WARN_DIRECT_OBJC_ISA_USAGE = YES_ERROR;
				CLANG_WARN_DOCUMENTATION_COMMENTS = YES;
				CLANG_WARN_EMPTY_BODY = YES;
				CLANG_WARN_ENUM_CONVERSION = YES;
				CLANG_WARN_INFINITE_RECURSION = YES;
				CLANG_WARN_INT_CONVERSION = YES;
				CLANG_WARN_NON_LITERAL_NULL_CONVERSION = YES;
				CLANG_WARN_OBJC_IMPLICIT_RETAIN_SELF = YES;
				CLANG_WARN_OBJC_LITERAL_CONVERSION = YES;
				CLANG_WARN_OBJC_ROOT_CLASS = YES_ERROR;
				CLANG_WARN_RANGE_LOOP_ANALYSIS = YES;
				CLANG_WARN_STRICT_PROTOTYPES = YES;
				CLANG_WARN_SUSPICIOUS_MOVE = YES;
				CLANG_WARN_UNGUARDED_AVAILABILITY = YES_AGGRESSIVE;
				CLANG_WARN_UNREACHABLE_CODE = YES;
				CLANG_WARN__DUPLICATE_METHOD_MATCH = YES;
				CODE_SIGN_IDENTITY = "iPhone Developer";
				COPY_PHASE_STRIP = NO;
				DEBUG_INFORMATION_FORMAT = "dwarf-with-dsym";
				ENABLE_NS_ASSERTIONS = NO;
				ENABLE_STRICT_OBJC_MSGSEND = YES;
				GCC_C_LANGUAGE_STANDARD = gnu11;
				GCC_NO_COMMON_BLOCKS = YES;
				GCC_WARN_64_TO_32_BIT_CONVERSION = YES;
				GCC_WARN_ABOUT_RETURN_TYPE = YES_ERROR;
				GCC_WARN_UNDECLARED_SELECTOR = YES;
				GCC_WARN_UNINITIALIZED_AUTOS = YES_AGGRESSIVE;
				GCC_WARN_UNUSED_FUNCTION = YES;
				GCC_WARN_UNUSED_VARIABLE = YES;
				IPHONEOS_DEPLOYMENT_TARGET = 12.2;
				MTL_ENABLE_DEBUG_INFO = NO;
				MTL_FAST_MATH = YES;
				SDKROOT = iphoneos;
				SWIFT_COMPILATION_MODE = wholemodule;
				SWIFT_OPTIMIZATION_LEVEL = "-O";
				VALIDATE_PRODUCT = YES;
			};
			name = Release;
		};
		7992955E22B54503007BBDAF /* Debug */ = {
			isa = XCBuildConfiguration;
			buildSettings = {
				ASSETCATALOG_COMPILER_APPICON_NAME = AppIcon;
				CODE_SIGN_STYLE = Automatic;
				DEVELOPMENT_TEAM = QGUMN7L9G3;
				INFOPLIST_FILE = Animations/Info.plist;
				LD_RUNPATH_SEARCH_PATHS = (
					"$(inherited)",
					"@executable_path/Frameworks",
				);
				PRODUCT_BUNDLE_IDENTIFIER = "Patrick-Pahl.Animations";
				PRODUCT_NAME = "$(TARGET_NAME)";
				SWIFT_VERSION = 5.0;
				TARGETED_DEVICE_FAMILY = "1,2";
			};
			name = Debug;
		};
		7992955F22B54503007BBDAF /* Release */ = {
			isa = XCBuildConfiguration;
			buildSettings = {
				ASSETCATALOG_COMPILER_APPICON_NAME = AppIcon;
				CODE_SIGN_STYLE = Automatic;
				DEVELOPMENT_TEAM = QGUMN7L9G3;
				INFOPLIST_FILE = Animations/Info.plist;
				LD_RUNPATH_SEARCH_PATHS = (
					"$(inherited)",
					"@executable_path/Frameworks",
				);
				PRODUCT_BUNDLE_IDENTIFIER = "Patrick-Pahl.Animations";
				PRODUCT_NAME = "$(TARGET_NAME)";
				SWIFT_VERSION = 5.0;
				TARGETED_DEVICE_FAMILY = "1,2";
			};
			name = Release;
		};
/* End XCBuildConfiguration section */

/* Begin XCConfigurationList section */
		7992954622B544FE007BBDAF /* Build configuration list for PBXProject "Animations" */ = {
			isa = XCConfigurationList;
			buildConfigurations = (
				7992955B22B54503007BBDAF /* Debug */,
				7992955C22B54503007BBDAF /* Release */,
			);
			defaultConfigurationIsVisible = 0;
			defaultConfigurationName = Release;
		};
		7992955D22B54503007BBDAF /* Build configuration list for PBXNativeTarget "Animations" */ = {
			isa = XCConfigurationList;
			buildConfigurations = (
				7992955E22B54503007BBDAF /* Debug */,
				7992955F22B54503007BBDAF /* Release */,
			);
			defaultConfigurationIsVisible = 0;
			defaultConfigurationName = Release;
		};
/* End XCConfigurationList section */
	};
	rootObject = 7992954322B544FE007BBDAF /* Project object */;
}
